{
  "name": "tasklab",
  "version": "0.1.0",
  "lockfileVersion": 3,
  "requires": true,
  "packages": {
    "": {
      "name": "tasklab",
      "version": "0.1.0",
      "license": "AGPL-3.0",
      "bin": {
        "tasklab": "bin/tasklab.js"
      },
      "engines": {
        "node": ">=18"
      }
    }
  }
}
